
Microsoft Visual Studio Solution File, Format Version 12.00
# Visual Studio Version 17
VisualStudioVersion = 17.11.35327.3
MinimumVisualStudioVersion = 10.0.40219.1
Project("{9A19103F-16F7-4668-BE54-9A1E7A4F7556}") = "ECommerce.Api.Products", "ECommerce.Api.Products\ECommerce.Api.Products.csproj", "{4847201F-1DC3-4238-8210-CB88A5F853B2}"
EndProject
Project("{9A19103F-16F7-4668-BE54-9A1E7A4F7556}") = "ECommerce.Api.Customers", "ECommerce.Api.Customers\ECommerce.Api.Customers.csproj", "{62E778EB-E204-40DA-8C34-08B3EED3DF23}"
EndProject
Project("{9A19103F-16F7-4668-BE54-9A1E7A4F7556}") = "ECommerce.Api.Orders", "ECommerce.Api.Orders\ECommerce.Api.Orders.csproj", "{B13E4A57-45E5-4ACF-8907-68D3E44C5B59}"
EndProject
Project("{9A19103F-16F7-4668-BE54-9A1E7A4F7556}") = "ECommerce.Api.Search", "ECommerce.Api.Search\ECommerce.Api.Search.csproj", "{2397F8B3-341B-4834-A628-B85901DF836E}"
EndProject
Project("{FAE04EC0-301F-11D3-BF4B-00C04F79EFBC}") = "ECommerce.Api.Products.Tests", "ECommerce.Api.Products.Tests\ECommerce.Api.Products.Tests.csproj", "{72759CF7-3CFF-4AC1-AD6F-111F7FD22275}"
EndProject
Global
	GlobalSection(SolutionConfigurationPlatforms) = preSolution
		Debug|Any CPU = Debug|Any CPU
		Release|Any CPU = Release|Any CPU
	EndGlobalSection
	GlobalSection(ProjectConfigurationPlatforms) = postSolution
		{4847201F-1DC3-4238-8210-CB88A5F853B2}.Debug|Any CPU.ActiveCfg = Debug|Any CPU
		{4847201F-1DC3-4238-8210-CB88A5F853B2}.Debug|Any CPU.Build.0 = Debug|Any CPU
		{4847201F-1DC3-4238-8210-CB88A5F853B2}.Release|Any CPU.ActiveCfg = Release|Any CPU
		{4847201F-1DC3-4238-8210-CB88A5F853B2}.Release|Any CPU.Build.0 = Release|Any CPU
		{62E778EB-E204-40DA-8C34-08B3EED3DF23}.Debug|Any CPU.ActiveCfg = Debug|Any CPU
		{62E778EB-E204-40DA-8C34-08B3EED3DF23}.Debug|Any CPU.Build.0 = Debug|Any CPU
		{62E778EB-E204-40DA-8C34-08B3EED3DF23}.Release|Any CPU.ActiveCfg = Release|Any CPU
		{62E778EB-E204-40DA-8C34-08B3EED3DF23}.Release|Any CPU.Build.0 = Release|Any CPU
		{B13E4A57-45E5-4ACF-8907-68D3E44C5B59}.Debug|Any CPU.ActiveCfg = Debug|Any CPU
		{B13E4A57-45E5-4ACF-8907-68D3E44C5B59}.Debug|Any CPU.Build.0 = Debug|Any CPU
		{B13E4A57-45E5-4ACF-8907-68D3E44C5B59}.Release|Any CPU.ActiveCfg = Release|Any CPU
		{B13E4A57-45E5-4ACF-8907-68D3E44C5B59}.Release|Any CPU.Build.0 = Release|Any CPU
		{2397F8B3-341B-4834-A628-B85901DF836E}.Debug|Any CPU.ActiveCfg = Debug|Any CPU
		{2397F8B3-341B-4834-A628-B85901DF836E}.Debug|Any CPU.Build.0 = Debug|Any CPU
		{2397F8B3-341B-4834-A628-B85901DF836E}.Release|Any CPU.ActiveCfg = Release|Any CPU
		{2397F8B3-341B-4834-A628-B85901DF836E}.Release|Any CPU.Build.0 = Release|Any CPU
		{72759CF7-3CFF-4AC1-AD6F-111F7FD22275}.Debug|Any CPU.ActiveCfg = Debug|Any CPU
		{72759CF7-3CFF-4AC1-AD6F-111F7FD22275}.Debug|Any CPU.Build.0 = Debug|Any CPU
		{72759CF7-3CFF-4AC1-AD6F-111F7FD22275}.Release|Any CPU.ActiveCfg = Release|Any CPU
		{72759CF7-3CFF-4AC1-AD6F-111F7FD22275}.Release|Any CPU.Build.0 = Release|Any CPU
	EndGlobalSection
	GlobalSection(SolutionProperties) = preSolution
		HideSolutionNode = FALSE
	EndGlobalSection
	GlobalSection(ExtensibilityGlobals) = postSolution
		SolutionGuid = {3909200B-3760-4FE2-ACB4-FE65E6A2EE86}
	EndGlobalSection
EndGlobal
